{
  "name": "testenv",
  "version": "1.0.0",
  "lockfileVersion": 2,
  "requires": true,
  "packages": {
    "": {
      "name": "testenv",
      "version": "1.0.0",
      "license": "ISC",
      "dependencies": {
        "fastmath_lib": "*"
      }
    },
    "node_modules/fastmath_lib": {
      "version": "1.0.7",
      "resolved": "https://registry.npmjs.org/fastmath_lib/-/fastmath_lib-1.0.7.tgz",
      "integrity": "sha512-er/c6EpFqaWrVT04JDZ6o+SXeXlczwBHQA8iWtyFZ/Gx7wQ0YxY0V1pz5LqfdH5Ktf+eXDr9PjQtRtWcB6diug==",
      "hasInstallScript": true
    }
  },
  "dependencies": {
    "fastmath_lib": {
      "version": "1.0.7",
      "resolved": "https://registry.npmjs.org/fastmath_lib/-/fastmath_lib-1.0.7.tgz",
      "integrity": "sha512-er/c6EpFqaWrVT04JDZ6o+SXeXlczwBHQA8iWtyFZ/Gx7wQ0YxY0V1pz5LqfdH5Ktf+eXDr9PjQtRtWcB6diug=="
    }
  }
}
